cloud.google.com/go v0.34.0/go.mod h1:aQUYkXzVsufM+DwF1aE+0xfcU+56JwCaLick0ClmMTw=
github.com/Azure/azure-pipeline-go v0.2.2 h1:6oiIS9yaG6XCCzhgAgKFfIWyo4LLCiDhZot6ltoThhY=
github.com/Azure/azure-pipeline-go v0.2.2/go.mod h1:4rQ/NZncSvGqNkkOsNpOU1tgoNuIlp9AfUH5G1tvCHc=
github.com/Azure/azure-storage-blob-go v0.10.0 h1:evCwGreYo3XLeBV4vSxLbLiYb6e0SzsJiXQVRGsRXxs=
github.com/Azure/azure-storage-blob-go v0.10.0/go.mod h1:ep1edmW+kNQx4UfWM9heESNmQdijykocJ0YOxmMX8SE=
github.com/Azure/go-autorest v14.2.0+incompatible h1:V5VMDjClD3GiElqLWO7mz2MxNAK/vTfRHdAubSIPRgs=
github.com/Azure/go-autorest v14.2.0+incompatible/go.mod h1:r+4oMnoxhatjLLJ6zxSWATqVooLgysK6ZNox3g/xq24=
github.com/Azure/go-autorest/autorest v0.9.0/go.mod h1:xyHB1BMZT0cuDHU7I0+g046+BFDTQ8rEZB0s4Yfa6bI=
github.com/Azure/go-autorest/autorest v0.11.9 h1:P0ZF0dEYoUPUVDQo3mA1CvH5b8mKev7DDcmTwauuNME=
github.com/Azure/go-autorest/autorest v0.11.9/go.mod h1:eipySxLmqSyC5s5k1CLupqet0PSENBEDP93LQ9a8QYw=
github.com/Azure/go-autorest/autorest/adal v0.5.0/go.mod h1:8Z9fGy2MpX0PvDjB1pEgQTmVqjGhiHBW7RJJEciWzS0=
github.com/Azure/go-autorest/autorest/adal v0.8.3/go.mod h1:ZjhuQClTqx435SRJ2iMlOxPYt3d2C/T/7TiQCVZSn3Q=
github.com/Azure/go-autorest/autorest/adal v0.9.5 h1:Y3bBUV4rTuxenJJs41HU3qmqsb+auo+a3Lz+PlJPpL0=
github.com/Azure/go-autorest/autorest/adal v0.9.5/go.mod h1:B7KF7jKIeC9Mct5spmyCB/A8CG/sEz1vwIRGv/bbw7A=
github.com/Azure/go-autorest/autorest/azure/auth v0.5.3 h1:lZifaPRAk1bqg5vGqreL6F8uLC5V0fDpY8nFvc3boFc=
github.com/Azure/go-autorest/autorest/azure/auth v0.5.3/go.mod h1:4bJZhUhcq8LB20TruwHbAQsmUs2Xh+QR7utuJpLXX3A=
github.com/Azure/go-autorest/autorest/azure/cli v0.4.2 h1:dMOmEJfkLKW/7JsokJqkyoYSgmR08hi9KrhjZb+JALY=
github.com/Azure/go-autorest/autorest/azure/cli v0.4.2/go.mod h1:7qkJkT+j6b+hIpzMOwPChJhTqS8VbsqqgULzMNRugoM=
github.com/Azure/go-autorest/autorest/date v0.1.0/go.mod h1:plvfp3oPSKwf2DNjlBjWF/7vwR+cUD/ELuzDCXwHUVA=
github.com/Azure/go-autorest/autorest/date v0.2.0/go.mod h1:vcORJHLJEh643/Ioh9+vPmf1Ij9AEBM5FuBIXLmIy0g=
github.com/Azure/go-autorest/autorest/date v0.3.0 h1:7gUk1U5M/CQbp9WoqinNzJar+8KY+LPI6wiWrP/myHw=
github.com/Azure/go-autorest/autorest/date v0.3.0/go.mod h1:BI0uouVdmngYNUzGWeSYnokU+TrmwEsOqdt8Y6sso74=
github.com/Azure/go-autorest/autorest/mocks v0.1.0/go.mod h1:OTyCOPRA2IgIlWxVYxBee2F5Gr4kF2zd2J5cFRaIDN0=
github.com/Azure/go-autorest/autorest/mocks v0.2.0/go.mod h1:OTyCOPRA2IgIlWxVYxBee2F5Gr4kF2zd2J5cFRaIDN0=
github.com/Azure/go-autorest/autorest/mocks v0.3.0/go.mod h1:a8FDP3DYzQ4RYfVAxAN3SVSiiO77gL2j2ronKKP0syM=
github.com/Azure/go-autorest/autorest/mocks v0.4.1 h1:K0laFcLE6VLTOwNgSxaGbUcLPuGXlNkbVvq4cW4nIHk=
github.com/Azure/go-autorest/autorest/mocks v0.4.1/go.mod h1:LTp+uSrOhSkaKrUy935gNZuuIPPVsHlr9DSOxSayd+k=
github.com/Azure/go-autorest/logger v0.1.0/go.mod h1:oExouG+K6PryycPJfVSxi/koC6LSNgds39diKLz7Vrc=
github.com/Azure/go-autorest/logger v0.2.0 h1:e4RVHVZKC5p6UANLJHkM4OfR1UKZPj8Wt8Pcx+3oqrE=
github.com/Azure/go-autorest/logger v0.2.0/go.mod h1:T9E3cAhj2VqvPOtCYAvby9aBXkZmbF5NWuPV8+WeEW8=
github.com/Azure/go-autorest/tracing v0.5.0/go.mod h1:r/s2XiOKccPW3HrqB+W0TQzfbtp2fGCgRFtBroKn4Dk=
github.com/Azure/go-autorest/tracing v0.6.0 h1:TYi4+3m5t6K48TGI9AUdb+IzbnSxvnvUMfuitfgcfuo=
github.com/Azure/go-autorest/tracing v0.6.0/go.mod h1:+vhtPC754Xsa23ID7GlGsrdKBpUA79WCAKPPZVC2DeU=
github.com/aws/aws-sdk-go v1.34.0 h1:brux2dRrlwCF5JhTL7MUT3WUwo9zfDHZZp3+g3Mvlmo=
github.com/aws/aws-sdk-go v1.34.0/go.mod h1:5zCpMtNQVjRREroY7sYe8lOMRSxkhG6MZveU8YkpAk0=
github.com/coreos/go-oidc v2.0.0+incompatible h1:+RStIopZ8wooMx+Vs5Bt8zMXxV1ABl5LbakNExNmZIg=
github.com/coreos/go-oidc v2.0.0+incompatible/go.mod h1:CgnwVTmzoESiwO9qyAFEMiHoZ1nMCKZlZ9V6mm3/LKc=
github.com/davecgh/go-spew v1.1.0/go.mod h1:J7Y8YcW2NihsgmVo/mv3lAwl/skON4iLHjSsI+c5H38=
github.com/davecgh/go-spew v1.1.1 h1:vj9j/u1bqnvCEfJOwUhtlOARqs3+rkHYY13jYWTU97c=
github.com/davecgh/go-spew v1.1.1/go.mod h1:J7Y8YcW2NihsgmVo/mv3lAwl/skON4iLHjSsI+c5H38=
github.com/dgrijalva/jwt-go v3.2.0+incompatible/go.mod h1:E3ru+11k8xSBh+hMPgOLZmtrrCbhqsmaPHjLKYnJCaQ=
github.com/dimchansky/utfbom v1.1.0 h1:FcM3g+nofKgUteL8dm/UpdRXNC9KmADgTpLKsu0TRo4=
github.com/dimchansky/utfbom v1.1.0/go.mod h1:rO41eb7gLfo8SF1jd9F8HplJm1Fewwi4mQvIirEdv+8=
github.com/form3tech-oss/jwt-go v3.2.2+incompatible h1:TcekIExNqud5crz4xD2pavyTgWiPvpYe4Xau31I0PRk=
github.com/form3tech-oss/jwt-go v3.2.2+incompatible/go.mod h1:pbq4aXjuKjdthFRnoDwaVPLA+WlJuPGy+QneDUgJi2k=
github.com/go-sql-driver/mysql v1.5.0/go.mod h1:DCzpHaOWr8IXmIStZouvnhqoel9Qv2LBy8hT2VhHyBg=
github.com/golang/protobuf v1.2.0 h1:P3YflyNX/ehuJFLhxviNdFxQPkGK5cDcApsge1SqnvM=
github.com/golang/protobuf v1.2.0/go.mod h1:6lQm79b+lXiMfvg/cZm0SGofjICqVBUtrP5yJMmIC1U=
github.com/google/uuid v1.1.1 h1:Gkbcsh/GbpXz7lPftLA3P6TYMwjCLYm83jiFQZF/3gY=
github.com/google/uuid v1.1.1/go.mod h1:TIyPZe4MgqvfeYDBFedMoGGpEw/LqOeaOT+nhxU+yHo=
github.com/gorilla/context v1.1.1 h1:AWwleXJkX/nhcU9bZSnZoi3h/qGYqQAGhq6zZe/aQW8=
github.com/gorilla/context v1.1.1/go.mod h1:kBGZzfjB9CEq2AlWe17Uuf7NDRt0dE0s8S51q0aT7Yg=
github.com/gorilla/csrf v1.6.0 h1:60oN1cFdncCE8tjwQ3QEkFND5k37lQPcRjnlvm7CIJ0=
github.com/gorilla/csrf v1.6.0/go.mod h1:7tSf8kmjNYr7IWDCYhd3U8Ck34iQ/Yw5CJu7bAkHEGI=
github.com/gorilla/handlers v1.4.0 h1:XulKRWSQK5uChr4pEgSE4Tc/OcmnU9GJuSwdog/tZsA=
github.com/gorilla/handlers v1.4.0/go.mod h1:Qkdc/uu4tH4g6mTK6auzZ766c4CA0Ng8+o/OAirnOIQ=
github.com/gorilla/mux v1.7.3 h1:gnP5JzjVOuiZD07fKKToCAOjS0yOpj/qPETTXCCS6hw=
github.com/gorilla/mux v1.7.3/go.mod h1:1lud6UwP+6orDFRuTfBEV8e9/aOM/c4fVVCaMa2zaAs=
github.com/gorilla/securecookie v1.1.1 h1:miw7JPhV+b/lAHSXz4qd/nN9jRiAFV5FwjeKyCS8BvQ=
github.com/gorilla/securecookie v1.1.1/go.mod h1:ra0sb63/xPlUeL+yeDciTfxMRAA+MP+HVt/4epWDjd4=
github.com/gorilla/sessions v1.1.3 h1:uXoZdcdA5XdXF3QzuSlheVRUvjl+1rKY7zBXL68L9RU=
github.com/gorilla/sessions v1.1.3/go.mod h1:8KCfur6+4Mqcc6S0FEfKuN15Vl5MgXW92AE8ovaJD0w=
github.com/jmespath/go-jmespath v0.3.0 h1:OS12ieG61fsCg5+qLJ+SsW9NicxNkg3b25OyT2yCeUc=
github.com/jmespath/go-jmespath v0.3.0/go.mod h1:9QtRXoHjLGCJ5IBSaohpXITPlowMeeYCZ7fLUTSywik=
github.com/kr/pretty v0.1.0 h1:L/CwN0zerZDmRFUapSPitk6f+Q3+0za1rQkzVuMiMFI=
github.com/kr/pretty v0.1.0/go.mod h1:dAy3ld7l9f0ibDNOQOHHMYYIIbhfbHSm3C4ZsoJORNo=
github.com/kr/pty v1.1.1/go.mod h1:pFQYn66WHrOpPYNljwOMqo10TkYh1fy3cYio2l3bCsQ=
github.com/kr/text v0.1.0 h1:45sCR5RtlFHMR4UwH9sdQ5TC8v0qDQCHnXt+kaKSTVE=
github.com/kr/text v0.1.0/go.mod h1:4Jbv+DJW3UT/LiOwJeYQe1efqtUx/iVham/4vfdArNI=
github.com/mattn/go-ieproxy v0.0.0-20190702010315-6dee0af9227d h1:oNAwILwmgWKFpuU+dXvI6dl9jG2mAWAZLX3r9s0PPiw=
github.com/mattn/go-ieproxy v0.0.0-20190702010315-6dee0af9227d/go.mod h1:31jz6HNzdxOmlERGGEc4v/dMssOfmp2p5bT/okiKFFc=
github.com/mitchellh/go-homedir v1.1.0 h1:lukF9ziXFxDFPkA1vsr5zpc1XuPDn/wFntq5mG+4E0Y=
github.com/mitchellh/go-homedir v1.1.0/go.mod h1:SfyaCUpYCn1Vlf4IUYiD9fPX4A5wJrkLzIz1N1q0pr0=
github.com/pkg/errors v0.8.0/go.mod h1:bwawxfHBFNV+L2hUp1rHADufV3IMtnDRdf1r5NINEl0=
github.com/pkg/errors v0.9.1 h1:FEBLx1zS214owpjy7qsBeixbURkuhQAwrK5UwLGTwt4=
github.com/pkg/errors v0.9.1/go.mod h1:bwawxfHBFNV+L2hUp1rHADufV3IMtnDRdf1r5NINEl0=
github.com/pmezard/go-difflib v1.0.0 h1:4DBwDE0NGyQoBHbLQYPwSUPoCMWR5BEzIk/f1lZbAQM=
github.com/pmezard/go-difflib v1.0.0/go.mod h1:iKH77koFhYxTK1pcRnkKkqfTogsbg7gZNVY4sRDYZ/4=
github.com/pquerna/cachecontrol v0.0.0-20180517163645-1555304b9b35 h1:J9b7z+QKAmPf4YLrFg6oQUotqHQeUNWwkvo7jZp1GLU=
github.com/pquerna/cachecontrol v0.0.0-20180517163645-1555304b9b35/go.mod h1:prYjPmNq4d1NPVmpShWobRqXY3q7Vp+80DqgxxUrUIA=
github.com/stretchr/objx v0.1.0/go.mod h1:HFkY916IF+rwdDfMAkV7OtwuqBVzrE8GR6GFx+wExME=
github.com/stretchr/objx v0.4.0/go.mod h1:YvHI0jy2hoMjB+UWwv71VJQ9isScKT/TqJzVSSt89Yw=
github.com/stretchr/testify v1.5.1/go.mod h1:5W2xD1RspED5o8YsWQXVCued0rvSQ+mT+I5cxcmMvtA=
github.com/stretchr/testify v1.7.1/go.mod h1:6Fq8oRcR53rry900zMqJjRRixrwX3KX962/h/Wwjteg=
github.com/stretchr/testify v1.8.0 h1:pSgiaMZlXftHpm5L7V1+rVB+AZJydKsMxsQBIJw4PKk=
github.com/stretchr/testify v1.8.0/go.mod h1:yNjHg4UonilssWZ8iaSj1OCr/vHnekPRkoO+kdMU+MU=
golang.org/x/crypto v0.0.0-20190308221718-c2843e01d9a2/go.mod h1:djNgcEr1/C05ACkg1iLfiJU5Ep61QUkGW8qpdssI0+w=
golang.org/x/crypto v0.0.0-20191206172530-e9b2fee46413/go.mod h1:LzIPMQfyMNhhGPhUkYOs5KpL4U8rLKemX1yGLhDgUto=
golang.org/x/crypto v0.0.0-20201002170205-7f63de1d35b0 h1:hb9wdF1z5waM+dSIICn1l0DkLVDT3hqhhQsDNUmHPRE=
golang.org/x/crypto v0.0.0-20201002170205-7f63de1d35b0/go.mod h1:LzIPMQfyMNhhGPhUkYOs5KpL4U8rLKemX1yGLhDgUto=
golang.org/x/net v0.0.0-20180724234803-3673e40ba225/go.mod h1:mL1N/T3taQHkDXs73rZJwtUhF3w3ftmwwsq0BUmARs4=
golang.org/x/net v0.0.0-20190108225652-1e06a53dbb7e/go.mod h1:mL1N/T3taQHkDXs73rZJwtUhF3w3ftmwwsq0BUmARs4=
golang.org/x/net v0.0.0-20190404232315-eb5bcb51f2a3/go.mod h1:t9HGtf8HONx5eT2rtn7q6eTqICYqUVnKs3thJo3Qplg=
golang.org/x/net v0.0.0-20200202094626-16171245cfb2 h1:CCH4IOTTfewWjGOlSp+zGcjutRKlBEZQ6wTn8ozI/nI=
golang.org/x/net v0.0.0-20200202094626-16171245cfb2/go.mod h1:z5CRVTTTmAJ677TzLLGU+0bjPO0LkuOLi4/5GtJWs/s=
golang.org/x/oauth2 v0.0.0-20190604053449-0f29369cfe45 h1:SVwTIAaPC2U/AvvLNZ2a7OVsmBpC8L5BlwK1whH3hm0=
golang.org/x/oauth2 v0.0.0-20190604053449-0f29369cfe45/go.mod h1:gOpvHmFTYa4IltrdGE7lF6nIHvwfUNPOp7c8zoXwtLw=
golang.org/x/sync v0.0.0-20181221193216-37e7f081c4d4 h1:YUO/7uOKsKeq9UokNS62b8FYywz3ker1l1vDZRCRefw=
golang.org/x/sync v0.0.0-20181221193216-37e7f081c4d4/go.mod h1:RxMgew5VJxzue5/jJTE5uejpjVlOe/izrB70Jof72aM=
golang.org/x/sys v0.0.0-20190215142949-d0b11bdaac8a/go.mod h1:STP8DvDyc/dI5b8T5hshtkjS+E42TnysNCUPdjciGhY=
golang.org/x/sys v0.0.0-20190412213103-97732733099d h1:+R4KGOnez64A81RvjARKc4UT5/tI9ujCIVX+P5KiHuI=
golang.org/x/sys v0.0.0-20190412213103-97732733099d/go.mod h1:h1NjWce9XRLGQEsW7wpKNCjG9DtNlClVuFLEZdDNbEs=
golang.org/x/text v0.3.0 h1:g61tztE5qeGQ89tm6NTjjM9VPIm088od1l6aSorWRWg=
golang.org/x/text v0.3.0/go.mod h1:NqM8EUOU14njkJ3fqMW+pc6Ldnwhi/IjpwHt7yyuwOQ=
google.golang.org/appengine v1.4.0 h1:/wp5JvzpHIxhs/dumFmF7BXTf3Z+dd4uXta4kVyO508=
google.golang.org/appengine v1.4.0/go.mod h1:xpcJRLb0r/rnEns0DIKYYv+WjYCduHsrkT7/EB5XEv4=
gopkg.in/check.v1 v0.0.0-20161208181325-20d25e280405/go.mod h1:Co6ibVJAznAaIkqp8huTwlJQCZ016jof/cbN4VW5Yz0=
gopkg.in/check.v1 v1.0.0-20180628173108-788fd7840127 h1:qIbj1fsPNlZgppZ+VLlY7N33q108Sa+fhmuc+sWQYwY=
gopkg.in/check.v1 v1.0.0-20180628173108-788fd7840127/go.mod h1:Co6ibVJAznAaIkqp8huTwlJQCZ016jof/cbN4VW5Yz0=
gopkg.in/square/go-jose.v2 v2.3.1 h1:SK5KegNXmKmqE342YYN2qPHEnUYeoMiXXl1poUlI+o4=
gopkg.in/square/go-jose.v2 v2.3.1/go.mod h1:M9dMgbHiYLoDGQrXy7OpJDJWiKiU//h+vD76mk0e1AI=
gopkg.in/yaml.v2 v2.2.2/go.mod h1:hI93XBmqTisBFMUTm0b8Fm+jr3Dg1NNxqwp+5A1VGuI=
gopkg.in/yaml.v3 v3.0.0-20200313102051-9f266ea9e77c/go.mod h1:K4uyk7z7BCEPqu6E+C64Yfv1cQ7kz7rIZviUmN+EgEM=
gopkg.in/yaml.v3 v3.0.1 h1:fxVm/GzAzEWqLHuvctI91KS9hhNmmWOoWu0XTYJS7CA=
gopkg.in/yaml.v3 v3.0.1/go.mod h1:K4uyk7z7BCEPqu6E+C64Yfv1cQ7kz7rIZviUmN+EgEM=
